
Microsoft Visual Studio Solution File, Format Version 12.00
# Visual Studio Version 17
VisualStudioVersion = 17.14.36310.24 d17.14
MinimumVisualStudioVersion = 10.0.40219.1
Project("{FAE04EC0-301F-11D3-BF4B-00C04F79EFBC}") = "BroCode", "BroCode.csproj", "{B203AE36-F797-4D4A-9D06-3BCEAADF4676}"
EndProject
Global
	GlobalSection(SolutionConfigurationPlatforms) = preSolution
		Debug|Any CPU = Debug|Any CPU
		Release|Any CPU = Release|Any CPU
	EndGlobalSection
	GlobalSection(ProjectConfigurationPlatforms) = postSolution
		{B203AE36-F797-4D4A-9D06-3BCEAADF4676}.Debug|Any CPU.ActiveCfg = Debug|Any CPU
		{B203AE36-F797-4D4A-9D06-3BCEAADF4676}.Debug|Any CPU.Build.0 = Debug|Any CPU
		{B203AE36-F797-4D4A-9D06-3BCEAADF4676}.Release|Any CPU.ActiveCfg = Release|Any CPU
		{B203AE36-F797-4D4A-9D06-3BCEAADF4676}.Release|Any CPU.Build.0 = Release|Any CPU
	EndGlobalSection
	GlobalSection(SolutionProperties) = preSolution
		HideSolutionNode = FALSE
	EndGlobalSection
	GlobalSection(ExtensibilityGlobals) = postSolution
		SolutionGuid = {F9DF2B81-7607-488B-896B-FD10DF6AF09C}
	EndGlobalSection
EndGlobal
